<?xml version="1.0" encoding="utf-8"?>
<Project ToolsVersion="4.0" xmlns="http://schemas.microsoft.com/developer/msbuild/2003">
  <ItemGroup>
    <Filter Include="Keyboard">
      <UniqueIdentifier>{b5a3e8a8-aadb-4260-9933-03b1c08761ed}</UniqueIdentifier>
    </Filter>
    <Filter Include="Common">
      <UniqueIdentifier>{b7d9782b-2a49-46bd-bc93-e56bb73a4676}</UniqueIdentifier>
    </Filter>
    <Filter Include="Input">
      <UniqueIdentifier>{193057f1-10ee-42a7-a816-dd7a387176b1}</UniqueIdentifier>
    </Filter>
    <Filter Include="Mouse">
      <UniqueIdentifier>{8d772a2e-f710-46dc-b16a-6816f348495f}</UniqueIdentifier>
    </Filter>
  </ItemGroup>
  <ItemGroup>
    <ClInclude Include="Keyboard.h">
      <Filter>Keyboard</Filter>
    </ClInclude>
    <ClInclude Include="InputLibrary.h">
      <Filter>Input</Filter>
    </ClInclude>
    <ClInclude Include="Mouse.h">
      <Filter>Mouse</Filter>
    </ClInclude>
  </ItemGroup>
  <ItemGroup>
    <ClCompile Include="Keyboard.c">
      <Filter>Keyboard</Filter>
    </ClCompile>
    <ClCompile Include="Common.c">
      <Filter>Common</Filter>
    </ClCompile>
    <ClCompile Include="Common.h">
      <Filter>Common</Filter>
    </ClCompile>
    <ClCompile Include="InputLibrary.c">
      <Filter>Input</Filter>
    </ClCompile>
    <ClCompile Include="Mouse.c">
      <Filter>Mouse</Filter>
    </ClCompile>
  </ItemGroup>
</Project>